// !$*UTF8*$!
{
	archiveVersion = 1;
	classes = {
	};
	objectVersion = 50;
	objects = {

/* Begin PBXBuildFile section */
		AEAAB69024C68EB200A47532 /* AppDelegate.swift in Sources */ = {isa = PBXBuildFile; fileRef = AEAAB68F24C68EB200A47532 /* AppDelegate.swift */; };
		AEAAB69224C68EB200A47532 /* SceneDelegate.swift in Sources */ = {isa = PBXBuildFile; fileRef = AEAAB69124C68EB200A47532 /* SceneDelegate.swift */; };
		AEAAB69424C68EB200A47532 /* SettingController.swift in Sources */ = {isa = PBXBuildFile; fileRef = AEAAB69324C68EB200A47532 /* SettingController.swift */; };
		AEAAB69724C68EB200A47532 /* Setting.storyboard in Resources */ = {isa = PBXBuildFile; fileRef = AEAAB69524C68EB200A47532 /* Setting.storyboard */; };
		AEAAB69A24C68EB200A47532 /* Group6MC3.xcdatamodeld in Sources */ = {isa = PBXBuildFile; fileRef = AEAAB69824C68EB200A47532 /* Group6MC3.xcdatamodeld */; };
		AEAAB69C24C68EB400A47532 /* Assets.xcassets in Resources */ = {isa = PBXBuildFile; fileRef = AEAAB69B24C68EB400A47532 /* Assets.xcassets */; };
		AEAAB69F24C68EB400A47532 /* LaunchScreen.storyboard in Resources */ = {isa = PBXBuildFile; fileRef = AEAAB69D24C68EB400A47532 /* LaunchScreen.storyboard */; };
		AEAAB6B624C6AAC900A47532 /* BackgroundView.swift in Sources */ = {isa = PBXBuildFile; fileRef = AEAAB6B524C6AAC900A47532 /* BackgroundView.swift */; };
/* End PBXBuildFile section */

/* Begin PBXFileReference section */
		AEAAB68C24C68EB200A47532 /* Group6MC3.app */ = {isa = PBXFileReference; explicitFileType = wrapper.application; includeInIndex = 0; path = Group6MC3.app; sourceTree = BUILT_PRODUCTS_DIR; };
		AEAAB68F24C68EB200A47532 /* AppDelegate.swift */ = {isa = PBXFileReference; lastKnownFileType = sourcecode.swift; path = AppDelegate.swift; sourceTree = "<group>"; };
		AEAAB69124C68EB200A47532 /* SceneDelegate.swift */ = {isa = PBXFileReference; lastKnownFileType = sourcecode.swift; path = SceneDelegate.swift; sourceTree = "<group>"; };
		AEAAB69324C68EB200A47532 /* SettingController.swift */ = {isa = PBXFileReference; lastKnownFileType = sourcecode.swift; path = SettingController.swift; sourceTree = "<group>"; };
		AEAAB69624C68EB200A47532 /* Base */ = {isa = PBXFileReference; lastKnownFileType = file.storyboard; name = Base; path = Base.lproj/Setting.storyboard; sourceTree = "<group>"; };
		AEAAB69924C68EB200A47532 /* Group6MC3.xcdatamodel */ = {isa = PBXFileReference; lastKnownFileType = wrapper.xcdatamodel; path = Group6MC3.xcdatamodel; sourceTree = "<group>"; };
		AEAAB69B24C68EB400A47532 /* Assets.xcassets */ = {isa = PBXFileReference; lastKnownFileType = folder.assetcatalog; path = Assets.xcassets; sourceTree = "<group>"; };
		AEAAB69E24C68EB400A47532 /* Base */ = {isa = PBXFileReference; lastKnownFileType = file.storyboard; name = Base; path = Base.lproj/LaunchScreen.storyboard; sourceTree = "<group>"; };
		AEAAB6A024C68EB400A47532 /* Info.plist */ = {isa = PBXFileReference; lastKnownFileType = text.plist.xml; path = Info.plist; sourceTree = "<group>"; };
		AEAAB6B524C6AAC900A47532 /* BackgroundView.swift */ = {isa = PBXFileReference; lastKnownFileType = sourcecode.swift; path = BackgroundView.swift; sourceTree = "<group>"; };
/* End PBXFileReference section */

/* Begin PBXFrameworksBuildPhase section */
		AEAAB68924C68EB200A47532 /* Frameworks */ = {
			isa = PBXFrameworksBuildPhase;
			buildActionMask = 2147483647;
			files = (
			);
			runOnlyForDeploymentPostprocessing = 0;
		};
/* End PBXFrameworksBuildPhase section */

/* Begin PBXGroup section */
		AEAAB68324C68EB200A47532 = {
			isa = PBXGroup;
			children = (
				AEAAB68E24C68EB200A47532 /* Group6MC3 */,
				AEAAB68D24C68EB200A47532 /* Products */,
			);
			sourceTree = "<group>";
		};
		AEAAB68D24C68EB200A47532 /* Products */ = {
			isa = PBXGroup;
			children = (
				AEAAB68C24C68EB200A47532 /* Group6MC3.app */,
			);
			name = Products;
			sourceTree = "<group>";
		};
		AEAAB68E24C68EB200A47532 /* Group6MC3 */ = {
			isa = PBXGroup;
			children = (
				AEAAB68F24C68EB200A47532 /* AppDelegate.swift */,
				AEAAB69124C68EB200A47532 /* SceneDelegate.swift */,
				AEAAB6B424C6AA1400A47532 /* Controller */,
				AEAAB6B324C6A9FB00A47532 /* View */,
				AEAAB69B24C68EB400A47532 /* Assets.xcassets */,
				AEAAB69D24C68EB400A47532 /* LaunchScreen.storyboard */,
				AEAAB6A024C68EB400A47532 /* Info.plist */,
				AEAAB69824C68EB200A47532 /* Group6MC3.xcdatamodeld */,
			);
			path = Group6MC3;
			sourceTree = "<group>";
		};
		AEAAB6B324C6A9FB00A47532 /* View */ = {
			isa = PBXGroup;
			children = (
				AEAAB69524C68EB200A47532 /* Setting.storyboard */,
				AEAAB6B524C6AAC900A47532 /* BackgroundView.swift */,
			);
			path = View;
			sourceTree = "<group>";
		};
		AEAAB6B424C6AA1400A47532 /* Controller */ = {
			isa = PBXGroup;
			children = (
				AEAAB69324C68EB200A47532 /* SettingController.swift */,
			);
			path = Controller;
			sourceTree = "<group>";
		};
/* End PBXGroup section */

/* Begin PBXNativeTarget section */
		AEAAB68B24C68EB200A47532 /* Group6MC3 */ = {
			isa = PBXNativeTarget;
			buildConfigurationList = AEAAB6A324C68EB400A47532 /* Build configuration list for PBXNativeTarget "Group6MC3" */;
			buildPhases = (
				AEAAB68824C68EB200A47532 /* Sources */,
				AEAAB68924C68EB200A47532 /* Frameworks */,
				AEAAB68A24C68EB200A47532 /* Resources */,
			);
			buildRules = (
			);
			dependencies = (
			);
			name = Group6MC3;
			productName = Group6MC3;
			productReference = AEAAB68C24C68EB200A47532 /* Group6MC3.app */;
			productType = "com.apple.product-type.application";
		};
/* End PBXNativeTarget section */

/* Begin PBXProject section */
		AEAAB68424C68EB200A47532 /* Project object */ = {
			isa = PBXProject;
			attributes = {
				LastSwiftUpdateCheck = 1150;
				LastUpgradeCheck = 1150;
				ORGANIZATIONNAME = "Faris Ali Yafie";
				TargetAttributes = {
					AEAAB68B24C68EB200A47532 = {
						CreatedOnToolsVersion = 11.5;
					};
				};
			};
			buildConfigurationList = AEAAB68724C68EB200A47532 /* Build configuration list for PBXProject "Group6MC3" */;
			compatibilityVersion = "Xcode 9.3";
			developmentRegion = en;
			hasScannedForEncodings = 0;
			knownRegions = (
				en,
				Base,
			);
			mainGroup = AEAAB68324C68EB200A47532;
			productRefGroup = AEAAB68D24C68EB200A47532 /* Products */;
			projectDirPath = "";
			projectRoot = "";
			targets = (
				AEAAB68B24C68EB200A47532 /* Group6MC3 */,
			);
		};
/* End PBXProject section */

/* Begin PBXResourcesBuildPhase section */
		AEAAB68A24C68EB200A47532 /* Resources */ = {
			isa = PBXResourcesBuildPhase;
			buildActionMask = 2147483647;
			files = (
				AEAAB69F24C68EB400A47532 /* LaunchScreen.storyboard in Resources */,
				AEAAB69C24C68EB400A47532 /* Assets.xcassets in Resources */,
				AEAAB69724C68EB200A47532 /* Setting.storyboard in Resources */,
			);
			runOnlyForDeploymentPostprocessing = 0;
		};
/* End PBXResourcesBuildPhase section */

/* Begin PBXSourcesBuildPhase section */
		AEAAB68824C68EB200A47532 /* Sources */ = {
			isa = PBXSourcesBuildPhase;
			buildActionMask = 2147483647;
			files = (
				AEAAB69A24C68EB200A47532 /* Group6MC3.xcdatamodeld in Sources */,
				AEAAB69424C68EB200A47532 /* SettingController.swift in Sources */,
				AEAAB69024C68EB200A47532 /* AppDelegate.swift in Sources */,
				AEAAB69224C68EB200A47532 /* SceneDelegate.swift in Sources */,
				AEAAB6B624C6AAC900A47532 /* BackgroundView.swift in Sources */,
			);
			runOnlyForDeploymentPostprocessing = 0;
		};
/* End PBXSourcesBuildPhase section */

/* Begin PBXVariantGroup section */
		AEAAB69524C68EB200A47532 /* Setting.storyboard */ = {
			isa = PBXVariantGroup;
			children = (
				AEAAB69624C68EB200A47532 /* Base */,
			);
			name = Setting.storyboard;
			sourceTree = "<group>";
		};
		AEAAB69D24C68EB400A47532 /* LaunchScreen.storyboard */ = {
			isa = PBXVariantGroup;
			children = (
				AEAAB69E24C68EB400A47532 /* Base */,
			);
			name = LaunchScreen.storyboard;
			sourceTree = "<group>";
		};
/* End PBXVariantGroup section */

/* Begin XCBuildConfiguration section */
		AEAAB6A124C68EB400A47532 /* Debug */ = {
			isa = XCBuildConfiguration;
			buildSettings = {
				ALWAYS_SEARCH_USER_PATHS = NO;
				CLANG_ANALYZER_NONNULL = YES;
				CLANG_ANALYZER_NUMBER_OBJECT_CONVERSION = YES_AGGRESSIVE;
				CLANG_CXX_LANGUAGE_STANDARD = "gnu++14";
				CLANG_CXX_LIBRARY = "libc++";
				CLANG_ENABLE_MODULES = YES;
				CLANG_ENABLE_OBJC_ARC = YES;
				CLANG_ENABLE_OBJC_WEAK = YES;
				CLANG_WARN_BLOCK_CAPTURE_AUTORELEASING = YES;
				CLANG_WARN_BOOL_CONVERSION = YES;
				CLANG_WARN_COMMA = YES;
				CLANG_WARN_CONSTANT_CONVERSION = YES;
				CLANG_WARN_DEPRECATED_OBJC_IMPLEMENTATIONS = YES;
				CLANG_WARN_DIRECT_OBJC_ISA_USAGE = YES_ERROR;
				CLANG_WARN_DOCUMENTATION_COMMENTS = YES;
				CLANG_WARN_EMPTY_BODY = YES;
				CLANG_WARN_ENUM_CONVERSION = YES;
				CLANG_WARN_INFINITE_RECURSION = YES;
				CLANG_WARN_INT_CONVERSION = YES;
				CLANG_WARN_NON_LITERAL_NULL_CONVERSION = YES;
				CLANG_WARN_OBJC_IMPLICIT_RETAIN_SELF = YES;
				CLANG_WARN_OBJC_LITERAL_CONVERSION = YES;
				CLANG_WARN_OBJC_ROOT_CLASS = YES_ERROR;
				CLANG_WARN_RANGE_LOOP_ANALYSIS = YES;
				CLANG_WARN_STRICT_PROTOTYPES = YES;
				CLANG_WARN_SUSPICIOUS_MOVE = YES;
				CLANG_WARN_UNGUARDED_AVAILABILITY = YES_AGGRESSIVE;
				CLANG_WARN_UNREACHABLE_CODE = YES;
				CLANG_WARN__DUPLICATE_METHOD_MATCH = YES;
				COPY_PHASE_STRIP = NO;
				DEBUG_INFORMATION_FORMAT = dwarf;
				ENABLE_STRICT_OBJC_MSGSEND = YES;
				ENABLE_TESTABILITY = YES;
				GCC_C_LANGUAGE_STANDARD = gnu11;
				GCC_DYNAMIC_NO_PIC = NO;
				GCC_NO_COMMON_BLOCKS = YES;
				GCC_OPTIMIZATION_LEVEL = 0;
				GCC_PREPROCESSOR_DEFINITIONS = (
					"DEBUG=1",
					"$(inherited)",
				);
				GCC_WARN_64_TO_32_BIT_CONVERSION = YES;
				GCC_WARN_ABOUT_RETURN_TYPE = YES_ERROR;
				GCC_WARN_UNDECLARED_SELECTOR = YES;
				GCC_WARN_UNINITIALIZED_AUTOS = YES_AGGRESSIVE;
				GCC_WARN_UNUSED_FUNCTION = YES;
				GCC_WARN_UNUSED_VARIABLE = YES;
				IPHONEOS_DEPLOYMENT_TARGET = 13.5;
				MTL_ENABLE_DEBUG_INFO = INCLUDE_SOURCE;
				MTL_FAST_MATH = YES;
				ONLY_ACTIVE_ARCH = YES;
				SDKROOT = iphoneos;
				SWIFT_ACTIVE_COMPILATION_CONDITIONS = DEBUG;
				SWIFT_OPTIMIZATION_LEVEL = "-Onone";
			};
			name = Debug;
		};
		AEAAB6A224C68EB400A47532 /* Release */ = {
			isa = XCBuildConfiguration;
			buildSettings = {
				ALWAYS_SEARCH_USER_PATHS = NO;
				CLANG_ANALYZER_NONNULL = YES;
				CLANG_ANALYZER_NUMBER_OBJECT_CONVERSION = YES_AGGRESSIVE;
				CLANG_CXX_LANGUAGE_STANDARD = "gnu++14";
				CLANG_CXX_LIBRARY = "libc++";
				CLANG_ENABLE_MODULES = YES;
				CLANG_ENABLE_OBJC_ARC = YES;
				CLANG_ENABLE_OBJC_WEAK = YES;
				CLANG_WARN_BLOCK_CAPTURE_AUTORELEASING = YES;
				CLANG_WARN_BOOL_CONVERSION = YES;
				CLANG_WARN_COMMA = YES;
				CLANG_WARN_CONSTANT_CONVERSION = YES;
				CLANG_WARN_DEPRECATED_OBJC_IMPLEMENTATIONS = YES;
				CLANG_WARN_DIRECT_OBJC_ISA_USAGE = YES_ERROR;
				CLANG_WARN_DOCUMENTATION_COMMENTS = YES;
				CLANG_WARN_EMPTY_BODY = YES;
				CLANG_WARN_ENUM_CONVERSION = YES;
				CLANG_WARN_INFINITE_RECURSION = YES;
				CLANG_WARN_INT_CONVERSION = YES;
				CLANG_WARN_NON_LITERAL_NULL_CONVERSION = YES;
				CLANG_WARN_OBJC_IMPLICIT_RETAIN_SELF = YES;
				CLANG_WARN_OBJC_LITERAL_CONVERSION = YES;
				CLANG_WARN_OBJC_ROOT_CLASS = YES_ERROR;
				CLANG_WARN_RANGE_LOOP_ANALYSIS = YES;
				CLANG_WARN_STRICT_PROTOTYPES = YES;
				CLANG_WARN_SUSPICIOUS_MOVE = YES;
				CLANG_WARN_UNGUARDED_AVAILABILITY = YES_AGGRESSIVE;
				CLANG_WARN_UNREACHABLE_CODE = YES;
				CLANG_WARN__DUPLICATE_METHOD_MATCH = YES;
				COPY_PHASE_STRIP = NO;
				DEBUG_INFORMATION_FORMAT = "dwarf-with-dsym";
				ENABLE_NS_ASSERTIONS = NO;
				ENABLE_STRICT_OBJC_MSGSEND = YES;
				GCC_C_LANGUAGE_STANDARD = gnu11;
				GCC_NO_COMMON_BLOCKS = YES;
				GCC_WARN_64_TO_32_BIT_CONVERSION = YES;
				GCC_WARN_ABOUT_RETURN_TYPE = YES_ERROR;
				GCC_WARN_UNDECLARED_SELECTOR = YES;
				GCC_WARN_UNINITIALIZED_AUTOS = YES_AGGRESSIVE;
				GCC_WARN_UNUSED_FUNCTION = YES;
				GCC_WARN_UNUSED_VARIABLE = YES;
				IPHONEOS_DEPLOYMENT_TARGET = 13.5;
				MTL_ENABLE_DEBUG_INFO = NO;
				MTL_FAST_MATH = YES;
				SDKROOT = iphoneos;
				SWIFT_COMPILATION_MODE = wholemodule;
				SWIFT_OPTIMIZATION_LEVEL = "-O";
				VALIDATE_PRODUCT = YES;
			};
			name = Release;
		};
		AEAAB6A424C68EB400A47532 /* Debug */ = {
			isa = XCBuildConfiguration;
			buildSettings = {
				ASSETCATALOG_COMPILER_APPICON_NAME = AppIcon;
				CODE_SIGN_STYLE = Automatic;
				DEVELOPMENT_TEAM = LU7959C5GC;
				INFOPLIST_FILE = Group6MC3/Info.plist;
				LD_RUNPATH_SEARCH_PATHS = (
					"$(inherited)",
					"@executable_path/Frameworks",
				);
				PRODUCT_BUNDLE_IDENTIFIER = AppleAcademy.Group6MC3;
				PRODUCT_NAME = "$(TARGET_NAME)";
				SWIFT_VERSION = 5.0;
				TARGETED_DEVICE_FAMILY = "1,2";
			};
			name = Debug;
		};
		AEAAB6A524C68EB400A47532 /* Release */ = {
			isa = XCBuildConfiguration;
			buildSettings = {
				ASSETCATALOG_COMPILER_APPICON_NAME = AppIcon;
				CODE_SIGN_STYLE = Automatic;
				DEVELOPMENT_TEAM = LU7959C5GC;
				INFOPLIST_FILE = Group6MC3/Info.plist;
				LD_RUNPATH_SEARCH_PATHS = (
					"$(inherited)",
					"@executable_path/Frameworks",
				);
				PRODUCT_BUNDLE_IDENTIFIER = AppleAcademy.Group6MC3;
				PRODUCT_NAME = "$(TARGET_NAME)";
				SWIFT_VERSION = 5.0;
				TARGETED_DEVICE_FAMILY = "1,2";
			};
			name = Release;
		};
/* End XCBuildConfiguration section */

/* Begin XCConfigurationList section */
		AEAAB68724C68EB200A47532 /* Build configuration list for PBXProject "Group6MC3" */ = {
			isa = XCConfigurationList;
			buildConfigurations = (
				AEAAB6A124C68EB400A47532 /* Debug */,
				AEAAB6A224C68EB400A47532 /* Release */,
			);
			defaultConfigurationIsVisible = 0;
			defaultConfigurationName = Release;
		};
		AEAAB6A324C68EB400A47532 /* Build configuration list for PBXNativeTarget "Group6MC3" */ = {
			isa = XCConfigurationList;
			buildConfigurations = (
				AEAAB6A424C68EB400A47532 /* Debug */,
				AEAAB6A524C68EB400A47532 /* Release */,
			);
			defaultConfigurationIsVisible = 0;
			defaultConfigurationName = Release;
		};
/* End XCConfigurationList section */

/* Begin XCVersionGroup section */
		AEAAB69824C68EB200A47532 /* Group6MC3.xcdatamodeld */ = {
			isa = XCVersionGroup;
			children = (
				AEAAB69924C68EB200A47532 /* Group6MC3.xcdatamodel */,
			);
			currentVersion = AEAAB69924C68EB200A47532 /* Group6MC3.xcdatamodel */;
			path = Group6MC3.xcdatamodeld;
			sourceTree = "<group>";
			versionGroupType = wrapper.xcdatamodel;
		};
/* End XCVersionGroup section */
	};
	rootObject = AEAAB68424C68EB200A47532 /* Project object */;
}
